
Microsoft Visual Studio Solution File, Format Version 12.00
# Visual Studio Version 16
VisualStudioVersion = 16.0.32901.82
MinimumVisualStudioVersion = 10.0.40219.1
Project("{FAE04EC0-301F-11D3-BF4B-00C04F79EFBC}") = "ConsoleApp", "ConsoleApp\ConsoleApp.csproj", "{8481B2E3-ACCD-4B0A-98DB-47CD4243D53E}"
EndProject
Project("{FAE04EC0-301F-11D3-BF4B-00C04F79EFBC}") = "ClassLibrary1", "ClassLibrary1\ClassLibrary1.csproj", "{EC597197-C453-40C4-8396-484D44D5330C}"
EndProject
Project("{FAE04EC0-301F-11D3-BF4B-00C04F79EFBC}") = "ClassLibrary2", "ClassLibrary2\ClassLibrary2.csproj", "{A59597EA-E7E5-47DE-A410-F31E7B5E35CB}"
EndProject
Project("{FAE04EC0-301F-11D3-BF4B-00C04F79EFBC}") = "ClassLibrary3", "ClassLibrary3\ClassLibrary3.csproj", "{83390849-DFBA-4DDD-87F0-97820BE07326}"
EndProject
Project("{FAE04EC0-301F-11D3-BF4B-00C04F79EFBC}") = "ClassLibrary4", "ClassLibrary4\ClassLibrary4.csproj", "{98CE0FAA-DA83-46AB-B992-66304C0D5F2A}"
EndProject
Project("{FAE04EC0-301F-11D3-BF4B-00C04F79EFBC}") = "ClassLibrary5", "ClassLibrary5\ClassLibrary5.csproj", "{C27747C1-8B6D-4131-8DF8-2C4C75137B49}"
EndProject
Project("{FAE04EC0-301F-11D3-BF4B-00C04F79EFBC}") = "ClassLibrary6", "ClassLibrary6\ClassLibrary6.csproj", "{DE1680D6-0831-4E91-AB90-FA19BAC8D5BF}"
EndProject
Project("{FAE04EC0-301F-11D3-BF4B-00C04F79EFBC}") = "ClassLibrary7", "ClassLibrary7\ClassLibrary7.csproj", "{D566074C-B286-431A-92BF-4EC8017D0B18}"
EndProject
Project("{FAE04EC0-301F-11D3-BF4B-00C04F79EFBC}") = "ClassLibrary8", "ClassLibrary8\ClassLibrary8.csproj", "{03D9E201-49AF-4B93-847F-046C56AA90C4}"
EndProject
Project("{FAE04EC0-301F-11D3-BF4B-00C04F79EFBC}") = "ClassLibrary9", "ClassLibrary9\ClassLibrary9.csproj", "{BF1045CA-41F3-4D41-AE97-6E5A7178CAEA}"
EndProject
Project("{FAE04EC0-301F-11D3-BF4B-00C04F79EFBC}") = "ClassLibrary10", "ClassLibrary10\ClassLibrary10.csproj", "{D7D31EB8-7067-49B0-97C6-4D1BB41AD945}"
EndProject
Global
	GlobalSection(SolutionConfigurationPlatforms) = preSolution
		Debug|Any CPU = Debug|Any CPU
		Release|Any CPU = Release|Any CPU
	EndGlobalSection
	GlobalSection(ProjectConfigurationPlatforms) = postSolution
		{8481B2E3-ACCD-4B0A-98DB-47CD4243D53E}.Debug|Any CPU.ActiveCfg = Debug|Any CPU
		{8481B2E3-ACCD-4B0A-98DB-47CD4243D53E}.Debug|Any CPU.Build.0 = Debug|Any CPU
		{8481B2E3-ACCD-4B0A-98DB-47CD4243D53E}.Release|Any CPU.ActiveCfg = Release|Any CPU
		{8481B2E3-ACCD-4B0A-98DB-47CD4243D53E}.Release|Any CPU.Build.0 = Release|Any CPU
		{EC597197-C453-40C4-8396-484D44D5330C}.Debug|Any CPU.ActiveCfg = Debug|Any CPU
		{EC597197-C453-40C4-8396-484D44D5330C}.Debug|Any CPU.Build.0 = Debug|Any CPU
		{EC597197-C453-40C4-8396-484D44D5330C}.Release|Any CPU.ActiveCfg = Release|Any CPU
		{EC597197-C453-40C4-8396-484D44D5330C}.Release|Any CPU.Build.0 = Release|Any CPU
		{A59597EA-E7E5-47DE-A410-F31E7B5E35CB}.Debug|Any CPU.ActiveCfg = Debug|Any CPU
		{A59597EA-E7E5-47DE-A410-F31E7B5E35CB}.Debug|Any CPU.Build.0 = Debug|Any CPU
		{A59597EA-E7E5-47DE-A410-F31E7B5E35CB}.Release|Any CPU.ActiveCfg = Release|Any CPU
		{A59597EA-E7E5-47DE-A410-F31E7B5E35CB}.Release|Any CPU.Build.0 = Release|Any CPU
		{83390849-DFBA-4DDD-87F0-97820BE07326}.Debug|Any CPU.ActiveCfg = Debug|Any CPU
		{83390849-DFBA-4DDD-87F0-97820BE07326}.Debug|Any CPU.Build.0 = Debug|Any CPU
		{83390849-DFBA-4DDD-87F0-97820BE07326}.Release|Any CPU.ActiveCfg = Release|Any CPU
		{83390849-DFBA-4DDD-87F0-97820BE07326}.Release|Any CPU.Build.0 = Release|Any CPU
		{98CE0FAA-DA83-46AB-B992-66304C0D5F2A}.Debug|Any CPU.ActiveCfg = Debug|Any CPU
		{98CE0FAA-DA83-46AB-B992-66304C0D5F2A}.Debug|Any CPU.Build.0 = Debug|Any CPU
		{98CE0FAA-DA83-46AB-B992-66304C0D5F2A}.Release|Any CPU.ActiveCfg = Release|Any CPU
		{98CE0FAA-DA83-46AB-B992-66304C0D5F2A}.Release|Any CPU.Build.0 = Release|Any CPU
		{C27747C1-8B6D-4131-8DF8-2C4C75137B49}.Debug|Any CPU.ActiveCfg = Debug|Any CPU
		{C27747C1-8B6D-4131-8DF8-2C4C75137B49}.Debug|Any CPU.Build.0 = Debug|Any CPU
		{C27747C1-8B6D-4131-8DF8-2C4C75137B49}.Release|Any CPU.ActiveCfg = Release|Any CPU
		{C27747C1-8B6D-4131-8DF8-2C4C75137B49}.Release|Any CPU.Build.0 = Release|Any CPU
		{DE1680D6-0831-4E91-AB90-FA19BAC8D5BF}.Debug|Any CPU.ActiveCfg = Debug|Any CPU
		{DE1680D6-0831-4E91-AB90-FA19BAC8D5BF}.Debug|Any CPU.Build.0 = Debug|Any CPU
		{DE1680D6-0831-4E91-AB90-FA19BAC8D5BF}.Release|Any CPU.ActiveCfg = Release|Any CPU
		{DE1680D6-0831-4E91-AB90-FA19BAC8D5BF}.Release|Any CPU.Build.0 = Release|Any CPU
		{D566074C-B286-431A-92BF-4EC8017D0B18}.Debug|Any CPU.ActiveCfg = Debug|Any CPU
		{D566074C-B286-431A-92BF-4EC8017D0B18}.Debug|Any CPU.Build.0 = Debug|Any CPU
		{D566074C-B286-431A-92BF-4EC8017D0B18}.Release|Any CPU.ActiveCfg = Release|Any CPU
		{D566074C-B286-431A-92BF-4EC8017D0B18}.Release|Any CPU.Build.0 = Release|Any CPU
		{03D9E201-49AF-4B93-847F-046C56AA90C4}.Debug|Any CPU.ActiveCfg = Debug|Any CPU
		{03D9E201-49AF-4B93-847F-046C56AA90C4}.Debug|Any CPU.Build.0 = Debug|Any CPU
		{03D9E201-49AF-4B93-847F-046C56AA90C4}.Release|Any CPU.ActiveCfg = Release|Any CPU
		{03D9E201-49AF-4B93-847F-046C56AA90C4}.Release|Any CPU.Build.0 = Release|Any CPU
		{BF1045CA-41F3-4D41-AE97-6E5A7178CAEA}.Debug|Any CPU.ActiveCfg = Debug|Any CPU
		{BF1045CA-41F3-4D41-AE97-6E5A7178CAEA}.Debug|Any CPU.Build.0 = Debug|Any CPU
		{BF1045CA-41F3-4D41-AE97-6E5A7178CAEA}.Release|Any CPU.ActiveCfg = Release|Any CPU
		{BF1045CA-41F3-4D41-AE97-6E5A7178CAEA}.Release|Any CPU.Build.0 = Release|Any CPU
		{D7D31EB8-7067-49B0-97C6-4D1BB41AD945}.Debug|Any CPU.ActiveCfg = Debug|Any CPU
		{D7D31EB8-7067-49B0-97C6-4D1BB41AD945}.Debug|Any CPU.Build.0 = Debug|Any CPU
		{D7D31EB8-7067-49B0-97C6-4D1BB41AD945}.Release|Any CPU.ActiveCfg = Release|Any CPU
		{D7D31EB8-7067-49B0-97C6-4D1BB41AD945}.Release|Any CPU.Build.0 = Release|Any CPU
	EndGlobalSection
	GlobalSection(SolutionProperties) = preSolution
		HideSolutionNode = FALSE
	EndGlobalSection
	GlobalSection(ExtensibilityGlobals) = postSolution
		SolutionGuid = {6935A1EF-62D4-4C75-8B98-6518E06FD22C}
	EndGlobalSection
EndGlobal
